
Microsoft Visual Studio Solution File, Format Version 12.00
# Visual Studio Version 17
VisualStudioVersion = 17.14.36109.1
MinimumVisualStudioVersion = 10.0.40219.1
Project("{2150E333-8FDC-42A3-9474-1A3956D46DE8}") = "Services", "Services", "{02EA681E-C7D8-13C7-8484-4AC65E1B71E8}"
EndProject
Project("{2150E333-8FDC-42A3-9474-1A3956D46DE8}") = "TripPlanningService", "TripPlanningService", "{18AC85BE-F907-4D6D-B392-C0626C3BF122}"
EndProject
Project("{FAE04EC0-301F-11D3-BF4B-00C04F79EFBC}") = "TripPlanningService.Domain", "Services\TripPlanningService\TripPlanningService.Domain\TripPlanningService.Domain.csproj", "{CE1FB3D4-E50F-4A50-B383-CD9F2848C95F}"
EndProject
Project("{2150E333-8FDC-42A3-9474-1A3956D46DE8}") = "BuildingBlocks", "BuildingBlocks", "{A0CFFD4E-1854-4BBA-A2E3-4CFA2E77DD6F}"
EndProject
Project("{FAE04EC0-301F-11D3-BF4B-00C04F79EFBC}") = "BuildingBlocks", "BuildingBlocks\BuildingBlocks\BuildingBlocks.csproj", "{1403B516-B3DC-4ABA-9818-29E3163E2161}"
EndProject
Project("{FAE04EC0-301F-11D3-BF4B-00C04F79EFBC}") = "TripPlanningService.Infrastructure", "Services\TripPlanningService\TripPlanningService.Infrastructure\TripPlanningService.Infrastructure.csproj", "{AD86E607-3941-403A-AF6B-C5CE7BFA9F4B}"
EndProject
Project("{FAE04EC0-301F-11D3-BF4B-00C04F79EFBC}") = "TripPlanningService.Application", "Services\TripPlanningService\TripPlanningService.Application\TripPlanningService.Application.csproj", "{DEA75209-662E-438A-B7FF-65F94BE5A1C3}"
EndProject
Project("{FAE04EC0-301F-11D3-BF4B-00C04F79EFBC}") = "TripPlanningService.Api", "TripPlanningService.Api\TripPlanningService.Api.csproj", "{CCA611A8-03B7-40DB-81EC-F85AD6AF4F0C}"
EndProject
Global
	GlobalSection(SolutionConfigurationPlatforms) = preSolution
		Debug|Any CPU = Debug|Any CPU
		Release|Any CPU = Release|Any CPU
	EndGlobalSection
	GlobalSection(ProjectConfigurationPlatforms) = postSolution
		{CE1FB3D4-E50F-4A50-B383-CD9F2848C95F}.Debug|Any CPU.ActiveCfg = Debug|Any CPU
		{CE1FB3D4-E50F-4A50-B383-CD9F2848C95F}.Debug|Any CPU.Build.0 = Debug|Any CPU
		{CE1FB3D4-E50F-4A50-B383-CD9F2848C95F}.Release|Any CPU.ActiveCfg = Release|Any CPU
		{CE1FB3D4-E50F-4A50-B383-CD9F2848C95F}.Release|Any CPU.Build.0 = Release|Any CPU
		{1403B516-B3DC-4ABA-9818-29E3163E2161}.Debug|Any CPU.ActiveCfg = Debug|Any CPU
		{1403B516-B3DC-4ABA-9818-29E3163E2161}.Debug|Any CPU.Build.0 = Debug|Any CPU
		{1403B516-B3DC-4ABA-9818-29E3163E2161}.Release|Any CPU.ActiveCfg = Release|Any CPU
		{1403B516-B3DC-4ABA-9818-29E3163E2161}.Release|Any CPU.Build.0 = Release|Any CPU
		{AD86E607-3941-403A-AF6B-C5CE7BFA9F4B}.Debug|Any CPU.ActiveCfg = Debug|Any CPU
		{AD86E607-3941-403A-AF6B-C5CE7BFA9F4B}.Debug|Any CPU.Build.0 = Debug|Any CPU
		{AD86E607-3941-403A-AF6B-C5CE7BFA9F4B}.Release|Any CPU.ActiveCfg = Release|Any CPU
		{AD86E607-3941-403A-AF6B-C5CE7BFA9F4B}.Release|Any CPU.Build.0 = Release|Any CPU
		{DEA75209-662E-438A-B7FF-65F94BE5A1C3}.Debug|Any CPU.ActiveCfg = Debug|Any CPU
		{DEA75209-662E-438A-B7FF-65F94BE5A1C3}.Debug|Any CPU.Build.0 = Debug|Any CPU
		{DEA75209-662E-438A-B7FF-65F94BE5A1C3}.Release|Any CPU.ActiveCfg = Release|Any CPU
		{DEA75209-662E-438A-B7FF-65F94BE5A1C3}.Release|Any CPU.Build.0 = Release|Any CPU
		{CCA611A8-03B7-40DB-81EC-F85AD6AF4F0C}.Debug|Any CPU.ActiveCfg = Debug|Any CPU
		{CCA611A8-03B7-40DB-81EC-F85AD6AF4F0C}.Debug|Any CPU.Build.0 = Debug|Any CPU
		{CCA611A8-03B7-40DB-81EC-F85AD6AF4F0C}.Release|Any CPU.ActiveCfg = Release|Any CPU
		{CCA611A8-03B7-40DB-81EC-F85AD6AF4F0C}.Release|Any CPU.Build.0 = Release|Any CPU
	EndGlobalSection
	GlobalSection(SolutionProperties) = preSolution
		HideSolutionNode = FALSE
	EndGlobalSection
	GlobalSection(NestedProjects) = preSolution
		{18AC85BE-F907-4D6D-B392-C0626C3BF122} = {02EA681E-C7D8-13C7-8484-4AC65E1B71E8}
		{CE1FB3D4-E50F-4A50-B383-CD9F2848C95F} = {18AC85BE-F907-4D6D-B392-C0626C3BF122}
		{1403B516-B3DC-4ABA-9818-29E3163E2161} = {A0CFFD4E-1854-4BBA-A2E3-4CFA2E77DD6F}
		{AD86E607-3941-403A-AF6B-C5CE7BFA9F4B} = {18AC85BE-F907-4D6D-B392-C0626C3BF122}
		{DEA75209-662E-438A-B7FF-65F94BE5A1C3} = {18AC85BE-F907-4D6D-B392-C0626C3BF122}
		{CCA611A8-03B7-40DB-81EC-F85AD6AF4F0C} = {18AC85BE-F907-4D6D-B392-C0626C3BF122}
	EndGlobalSection
	GlobalSection(ExtensibilityGlobals) = postSolution
		SolutionGuid = {F41C69F5-01B9-4559-8F4E-BDB6540F7DA0}
	EndGlobalSection
EndGlobal
